
Microsoft Visual Studio Solution File, Format Version 12.00
# Visual Studio Version 17
VisualStudioVersion = 17.14.37710.0 d17.14
MinimumVisualStudioVersion = 10.0.40219.1
Project("{FAE04EC0-301F-11D3-BF4B-00C04F79EFBC}") = "Range checker", "Range checker\Range checker.csproj", "{91B4189F-B7B6-4F01-A79A-1AF274DD25E5}"
EndProject
Global
	GlobalSection(SolutionConfigurationPlatforms) = preSolution
		Debug|Any CPU = Debug|Any CPU
		Release|Any CPU = Release|Any CPU
	EndGlobalSection
	GlobalSection(ProjectConfigurationPlatforms) = postSolution
		{91B4189F-B7B6-4F01-A79A-1AF274DD25E5}.Debug|Any CPU.ActiveCfg = Debug|Any CPU
		{91B4189F-B7B6-4F01-A79A-1AF274DD25E5}.Debug|Any CPU.Build.0 = Debug|Any CPU
		{91B4189F-B7B6-4F01-A79A-1AF274DD25E5}.Release|Any CPU.ActiveCfg = Release|Any CPU
		{91B4189F-B7B6-4F01-A79A-1AF274DD25E5}.Release|Any CPU.Build.0 = Release|Any CPU
	EndGlobalSection
	GlobalSection(SolutionProperties) = preSolution
		HideSolutionNode = FALSE
	EndGlobalSection
	GlobalSection(ExtensibilityGlobals) = postSolution
		SolutionGuid = {1D75A170-E8C1-493E-AF13-255B2CC340CF}
	EndGlobalSection
EndGlobal
